
Microsoft Visual Studio Solution File, Format Version 12.00
# Visual Studio Version 17
VisualStudioVersion = 17.6.33712.159
MinimumVisualStudioVersion = 10.0.40219.1
Project("{FAE04EC0-301F-11D3-BF4B-00C04F79EFBC}") = "Spotlight_Extract", "Spotlight_Extract.csproj", "{53233A35-DB4D-485A-97ED-7074CEC03274}"
EndProject
Global
	GlobalSection(SolutionConfigurationPlatforms) = preSolution
		Debug|Any CPU = Debug|Any CPU
		Release|Any CPU = Release|Any CPU
	EndGlobalSection
	GlobalSection(ProjectConfigurationPlatforms) = postSolution
		{53233A35-DB4D-485A-97ED-7074CEC03274}.Debug|Any CPU.ActiveCfg = Debug|Any CPU
		{53233A35-DB4D-485A-97ED-7074CEC03274}.Debug|Any CPU.Build.0 = Debug|Any CPU
		{53233A35-DB4D-485A-97ED-7074CEC03274}.Release|Any CPU.ActiveCfg = Release|Any CPU
		{53233A35-DB4D-485A-97ED-7074CEC03274}.Release|Any CPU.Build.0 = Release|Any CPU
	EndGlobalSection
	GlobalSection(SolutionProperties) = preSolution
		HideSolutionNode = FALSE
	EndGlobalSection
	GlobalSection(ExtensibilityGlobals) = postSolution
		SolutionGuid = {80A13E93-AB9F-4CB4-AC2E-ACCDA286D450}
	EndGlobalSection
EndGlobal
